{
  "name": "my-project",
  "version": "1.0.0",
  "lockfileVersion": 1,
  "requires": true,
  "dependencies": {
    "lodash": {
      "version": "4.17.21",
      "resolved": "https://registry.npmjs.org/lodash/-/lodash-4.17.21.tgz",
      "integrity": "sha512-xE6Jhc9C/G2Wk0hrR1bVOGH3XeReRAckwMdxyI8iiBDbTp/hgQhMBWZK81s6fK8psKDMLGNgSzIhB+XrquTio1Uw=="
    },
    "express": {
      "version": "4.17.3",
      "resolved": "https://registry.npmjs.org/express/-/express-4.17.3.tgz",
      "integrity": "sha512-sPMpSuTndxQiI+NIq5+xMds0+17gY0IDPHvE84FvbSR5asDlC3nW8aC6FG2OH/yRrZD0yPwO0zUxGQrcMk6KGg=="
    }
  }
}
